// !$*UTF8*$!
{
	archiveVersion = 1;
	classes = {
	};
	objectVersion = 46;
	objects = {

/* Begin PBXBuildFile section */
		460168F81F6C6FAC00025587 /* AppDelegate.swift in Sources */ = {isa = PBXBuildFile; fileRef = 460168EA1F6C6FAC00025587 /* AppDelegate.swift */; };
		460168F91F6C6FAC00025587 /* Assets.xcassets in Resources */ = {isa = PBXBuildFile; fileRef = 460168EB1F6C6FAC00025587 /* Assets.xcassets */; };
		460168FA1F6C6FAC00025587 /* LaunchScreen.storyboard in Resources */ = {isa = PBXBuildFile; fileRef = 460168EC1F6C6FAC00025587 /* LaunchScreen.storyboard */; };
		460168FB1F6C6FAC00025587 /* Main.storyboard in Resources */ = {isa = PBXBuildFile; fileRef = 460168EE1F6C6FAC00025587 /* Main.storyboard */; };
		460169001F6C6FAC00025587 /* ViewController.swift in Sources */ = {isa = PBXBuildFile; fileRef = 460168F71F6C6FAC00025587 /* ViewController.swift */; };
		460169271F6C71C000025587 /* PVRadioButton.swift in Sources */ = {isa = PBXBuildFile; fileRef = 460169231F6C71C000025587 /* PVRadioButton.swift */; };
		460169281F6C71C000025587 /* PVRadioButtonGroup.swift in Sources */ = {isa = PBXBuildFile; fileRef = 460169241F6C71C000025587 /* PVRadioButtonGroup.swift */; };
		460169291F6C71C000025587 /* PVRadioButtonView.swift in Sources */ = {isa = PBXBuildFile; fileRef = 460169261F6C71C000025587 /* PVRadioButtonView.swift */; };
/* End PBXBuildFile section */

/* Begin PBXFileReference section */
		460168EA1F6C6FAC00025587 /* AppDelegate.swift */ = {isa = PBXFileReference; fileEncoding = 4; lastKnownFileType = sourcecode.swift; path = AppDelegate.swift; sourceTree = "<group>"; };
		460168EB1F6C6FAC00025587 /* Assets.xcassets */ = {isa = PBXFileReference; lastKnownFileType = folder.assetcatalog; path = Assets.xcassets; sourceTree = "<group>"; };
		460168ED1F6C6FAC00025587 /* Base */ = {isa = PBXFileReference; lastKnownFileType = file.storyboard; name = Base; path = Base.lproj/LaunchScreen.storyboard; sourceTree = "<group>"; };
		460168EF1F6C6FAC00025587 /* Base */ = {isa = PBXFileReference; lastKnownFileType = file.storyboard; name = Base; path = Base.lproj/Main.storyboard; sourceTree = "<group>"; };
		460168F71F6C6FAC00025587 /* ViewController.swift */ = {isa = PBXFileReference; fileEncoding = 4; lastKnownFileType = sourcecode.swift; path = ViewController.swift; sourceTree = "<group>"; };
		460169071F6C70B700025587 /* Info.plist */ = {isa = PBXFileReference; fileEncoding = 4; lastKnownFileType = text.plist.xml; path = Info.plist; sourceTree = "<group>"; };
		460169231F6C71C000025587 /* PVRadioButton.swift */ = {isa = PBXFileReference; fileEncoding = 4; lastKnownFileType = sourcecode.swift; path = PVRadioButton.swift; sourceTree = "<group>"; };
		460169241F6C71C000025587 /* PVRadioButtonGroup.swift */ = {isa = PBXFileReference; fileEncoding = 4; lastKnownFileType = sourcecode.swift; path = PVRadioButtonGroup.swift; sourceTree = "<group>"; };
		460169261F6C71C000025587 /* PVRadioButtonView.swift */ = {isa = PBXFileReference; fileEncoding = 4; lastKnownFileType = sourcecode.swift; path = PVRadioButtonView.swift; sourceTree = "<group>"; };
		46B347A11F691F7F00BD5FF2 /* RadioButtonSample.app */ = {isa = PBXFileReference; explicitFileType = wrapper.application; includeInIndex = 0; path = RadioButtonSample.app; sourceTree = BUILT_PRODUCTS_DIR; };
/* End PBXFileReference section */

/* Begin PBXFrameworksBuildPhase section */
		46B3479E1F691F7F00BD5FF2 /* Frameworks */ = {
			isa = PBXFrameworksBuildPhase;
			buildActionMask = 2147483647;
			files = (
			);
			runOnlyForDeploymentPostprocessing = 0;
		};
/* End PBXFrameworksBuildPhase section */

/* Begin PBXGroup section */
		460168E91F6C6FAC00025587 /* RadioButtonSample */ = {
			isa = PBXGroup;
			children = (
				460169211F6C71C000025587 /* PVRadioButton */,
				460168EA1F6C6FAC00025587 /* AppDelegate.swift */,
				460168EB1F6C6FAC00025587 /* Assets.xcassets */,
				460168EC1F6C6FAC00025587 /* LaunchScreen.storyboard */,
				460168EE1F6C6FAC00025587 /* Main.storyboard */,
				460168F71F6C6FAC00025587 /* ViewController.swift */,
				460169071F6C70B700025587 /* Info.plist */,
			);
			path = RadioButtonSample;
			sourceTree = "<group>";
		};
		460169211F6C71C000025587 /* PVRadioButton */ = {
			isa = PBXGroup;
			children = (
				460169221F6C71C000025587 /* RadioButtonWithGroup */,
				460169251F6C71C000025587 /* RadioButtonWithScroll */,
			);
			path = PVRadioButton;
			sourceTree = "<group>";
		};
		460169221F6C71C000025587 /* RadioButtonWithGroup */ = {
			isa = PBXGroup;
			children = (
				460169231F6C71C000025587 /* PVRadioButton.swift */,
				460169241F6C71C000025587 /* PVRadioButtonGroup.swift */,
			);
			path = RadioButtonWithGroup;
			sourceTree = "<group>";
		};
		460169251F6C71C000025587 /* RadioButtonWithScroll */ = {
			isa = PBXGroup;
			children = (
				460169261F6C71C000025587 /* PVRadioButtonView.swift */,
			);
			path = RadioButtonWithScroll;
			sourceTree = "<group>";
		};
		46B347981F691F7F00BD5FF2 = {
			isa = PBXGroup;
			children = (
				460168E91F6C6FAC00025587 /* RadioButtonSample */,
				46B347A21F691F7F00BD5FF2 /* Products */,
			);
			sourceTree = "<group>";
		};
		46B347A21F691F7F00BD5FF2 /* Products */ = {
			isa = PBXGroup;
			children = (
				46B347A11F691F7F00BD5FF2 /* RadioButtonSample.app */,
			);
			name = Products;
			sourceTree = "<group>";
		};
/* End PBXGroup section */

/* Begin PBXNativeTarget section */
		46B347A01F691F7F00BD5FF2 /* RadioButtonSample */ = {
			isa = PBXNativeTarget;
			buildConfigurationList = 46B347B31F691F7F00BD5FF2 /* Build configuration list for PBXNativeTarget "RadioButtonSample" */;
			buildPhases = (
				46B3479D1F691F7F00BD5FF2 /* Sources */,
				46B3479E1F691F7F00BD5FF2 /* Frameworks */,
				46B3479F1F691F7F00BD5FF2 /* Resources */,
			);
			buildRules = (
			);
			dependencies = (
			);
			name = RadioButtonSample;
			productName = RadioButton;
			productReference = 46B347A11F691F7F00BD5FF2 /* RadioButtonSample.app */;
			productType = "com.apple.product-type.application";
		};
/* End PBXNativeTarget section */

/* Begin PBXProject section */
		46B347991F691F7F00BD5FF2 /* Project object */ = {
			isa = PBXProject;
			attributes = {
				LastSwiftUpdateCheck = 0830;
				LastUpgradeCheck = 0830;
				ORGANIZATIONNAME = "Venkatesh P1";
				TargetAttributes = {
					46B347A01F691F7F00BD5FF2 = {
						CreatedOnToolsVersion = 8.3;
						ProvisioningStyle = Automatic;
					};
				};
			};
			buildConfigurationList = 46B3479C1F691F7F00BD5FF2 /* Build configuration list for PBXProject "RadioButtonSample" */;
			compatibilityVersion = "Xcode 3.2";
			developmentRegion = English;
			hasScannedForEncodings = 0;
			knownRegions = (
				English,
				en,
				Base,
			);
			mainGroup = 46B347981F691F7F00BD5FF2;
			productRefGroup = 46B347A21F691F7F00BD5FF2 /* Products */;
			projectDirPath = "";
			projectRoot = "";
			targets = (
				46B347A01F691F7F00BD5FF2 /* RadioButtonSample */,
			);
		};
/* End PBXProject section */

/* Begin PBXResourcesBuildPhase section */
		46B3479F1F691F7F00BD5FF2 /* Resources */ = {
			isa = PBXResourcesBuildPhase;
			buildActionMask = 2147483647;
			files = (
				460168FB1F6C6FAC00025587 /* Main.storyboard in Resources */,
				460168F91F6C6FAC00025587 /* Assets.xcassets in Resources */,
				460168FA1F6C6FAC00025587 /* LaunchScreen.storyboard in Resources */,
			);
			runOnlyForDeploymentPostprocessing = 0;
		};
/* End PBXResourcesBuildPhase section */

/* Begin PBXSourcesBuildPhase section */
		46B3479D1F691F7F00BD5FF2 /* Sources */ = {
			isa = PBXSourcesBuildPhase;
			buildActionMask = 2147483647;
			files = (
				460169291F6C71C000025587 /* PVRadioButtonView.swift in Sources */,
				460169001F6C6FAC00025587 /* ViewController.swift in Sources */,
				460169281F6C71C000025587 /* PVRadioButtonGroup.swift in Sources */,
				460169271F6C71C000025587 /* PVRadioButton.swift in Sources */,
				460168F81F6C6FAC00025587 /* AppDelegate.swift in Sources */,
			);
			runOnlyForDeploymentPostprocessing = 0;
		};
/* End PBXSourcesBuildPhase section */

/* Begin PBXVariantGroup section */
		460168EC1F6C6FAC00025587 /* LaunchScreen.storyboard */ = {
			isa = PBXVariantGroup;
			children = (
				460168ED1F6C6FAC00025587 /* Base */,
			);
			name = LaunchScreen.storyboard;
			sourceTree = "<group>";
		};
		460168EE1F6C6FAC00025587 /* Main.storyboard */ = {
			isa = PBXVariantGroup;
			children = (
				460168EF1F6C6FAC00025587 /* Base */,
			);
			name = Main.storyboard;
			sourceTree = "<group>";
		};
/* End PBXVariantGroup section */

/* Begin XCBuildConfiguration section */
		46B347B11F691F7F00BD5FF2 /* Debug */ = {
			isa = XCBuildConfiguration;
			buildSettings = {
				ALWAYS_SEARCH_USER_PATHS = NO;
				CLANG_ANALYZER_NONNULL = YES;
				CLANG_ANALYZER_NUMBER_OBJECT_CONVERSION = YES_AGGRESSIVE;
				CLANG_CXX_LANGUAGE_STANDARD = "gnu++0x";
				CLANG_CXX_LIBRARY = "libc++";
				CLANG_ENABLE_MODULES = YES;
				CLANG_ENABLE_OBJC_ARC = YES;
				CLANG_WARN_BOOL_CONVERSION = YES;
				CLANG_WARN_CONSTANT_CONVERSION = YES;
				CLANG_WARN_DIRECT_OBJC_ISA_USAGE = YES_ERROR;
				CLANG_WARN_DOCUMENTATION_COMMENTS = YES;
				CLANG_WARN_EMPTY_BODY = YES;
				CLANG_WARN_ENUM_CONVERSION = YES;
				CLANG_WARN_INFINITE_RECURSION = YES;
				CLANG_WARN_INT_CONVERSION = YES;
				CLANG_WARN_OBJC_ROOT_CLASS = YES_ERROR;
				CLANG_WARN_SUSPICIOUS_MOVE = YES;
				CLANG_WARN_UNREACHABLE_CODE = YES;
				CLANG_WARN__DUPLICATE_METHOD_MATCH = YES;
				"CODE_SIGN_IDENTITY[sdk=iphoneos*]" = "iPhone Developer";
				COPY_PHASE_STRIP = NO;
				DEBUG_INFORMATION_FORMAT = dwarf;
				ENABLE_STRICT_OBJC_MSGSEND = YES;
				ENABLE_TESTABILITY = YES;
				GCC_C_LANGUAGE_STANDARD = gnu99;
				GCC_DYNAMIC_NO_PIC = NO;
				GCC_NO_COMMON_BLOCKS = YES;
				GCC_OPTIMIZATION_LEVEL = 0;
				GCC_PREPROCESSOR_DEFINITIONS = (
					"DEBUG=1",
					"$(inherited)",
				);
				GCC_WARN_64_TO_32_BIT_CONVERSION = YES;
				GCC_WARN_ABOUT_RETURN_TYPE = YES_ERROR;
				GCC_WARN_UNDECLARED_SELECTOR = YES;
				GCC_WARN_UNINITIALIZED_AUTOS = YES_AGGRESSIVE;
				GCC_WARN_UNUSED_FUNCTION = YES;
				GCC_WARN_UNUSED_VARIABLE = YES;
				IPHONEOS_DEPLOYMENT_TARGET = 10.3;
				MTL_ENABLE_DEBUG_INFO = YES;
				ONLY_ACTIVE_ARCH = YES;
				SDKROOT = iphoneos;
				SWIFT_ACTIVE_COMPILATION_CONDITIONS = DEBUG;
				SWIFT_OPTIMIZATION_LEVEL = "-Onone";
			};
			name = Debug;
		};
		46B347B21F691F7F00BD5FF2 /* Release */ = {
			isa = XCBuildConfiguration;
			buildSettings = {
				ALWAYS_SEARCH_USER_PATHS = NO;
				CLANG_ANALYZER_NONNULL = YES;
				CLANG_ANALYZER_NUMBER_OBJECT_CONVERSION = YES_AGGRESSIVE;
				CLANG_CXX_LANGUAGE_STANDARD = "gnu++0x";
				CLANG_CXX_LIBRARY = "libc++";
				CLANG_ENABLE_MODULES = YES;
				CLANG_ENABLE_OBJC_ARC = YES;
				CLANG_WARN_BOOL_CONVERSION = YES;
				CLANG_WARN_CONSTANT_CONVERSION = YES;
				CLANG_WARN_DIRECT_OBJC_ISA_USAGE = YES_ERROR;
				CLANG_WARN_DOCUMENTATION_COMMENTS = YES;
				CLANG_WARN_EMPTY_BODY = YES;
				CLANG_WARN_ENUM_CONVERSION = YES;
				CLANG_WARN_INFINITE_RECURSION = YES;
				CLANG_WARN_INT_CONVERSION = YES;
				CLANG_WARN_OBJC_ROOT_CLASS = YES_ERROR;
				CLANG_WARN_SUSPICIOUS_MOVE = YES;
				CLANG_WARN_UNREACHABLE_CODE = YES;
				CLANG_WARN__DUPLICATE_METHOD_MATCH = YES;
				"CODE_SIGN_IDENTITY[sdk=iphoneos*]" = "iPhone Developer";
				COPY_PHASE_STRIP = NO;
				DEBUG_INFORMATION_FORMAT = "dwarf-with-dsym";
				ENABLE_NS_ASSERTIONS = NO;
				ENABLE_STRICT_OBJC_MSGSEND = YES;
				GCC_C_LANGUAGE_STANDARD = gnu99;
				GCC_NO_COMMON_BLOCKS = YES;
				GCC_WARN_64_TO_32_BIT_CONVERSION = YES;
				GCC_WARN_ABOUT_RETURN_TYPE = YES_ERROR;
				GCC_WARN_UNDECLARED_SELECTOR = YES;
				GCC_WARN_UNINITIALIZED_AUTOS = YES_AGGRESSIVE;
				GCC_WARN_UNUSED_FUNCTION = YES;
				GCC_WARN_UNUSED_VARIABLE = YES;
				IPHONEOS_DEPLOYMENT_TARGET = 10.3;
				MTL_ENABLE_DEBUG_INFO = NO;
				SDKROOT = iphoneos;
				SWIFT_OPTIMIZATION_LEVEL = "-Owholemodule";
				VALIDATE_PRODUCT = YES;
			};
			name = Release;
		};
		46B347B41F691F7F00BD5FF2 /* Debug */ = {
			isa = XCBuildConfiguration;
			buildSettings = {
				ASSETCATALOG_COMPILER_APPICON_NAME = AppIcon;
				INFOPLIST_FILE = "$(SRCROOT)/RadioButtonSample/Info.plist";
				IPHONEOS_DEPLOYMENT_TARGET = 10.2;
				LD_RUNPATH_SEARCH_PATHS = "$(inherited) @executable_path/Frameworks";
				PRODUCT_BUNDLE_IDENTIFIER = Test.RadioButton;
				PRODUCT_NAME = "$(TARGET_NAME)";
				SWIFT_VERSION = 4.0;
			};
			name = Debug;
		};
		46B347B51F691F7F00BD5FF2 /* Release */ = {
			isa = XCBuildConfiguration;
			buildSettings = {
				ASSETCATALOG_COMPILER_APPICON_NAME = AppIcon;
				INFOPLIST_FILE = "$(SRCROOT)/RadioButtonSample/Info.plist";
				IPHONEOS_DEPLOYMENT_TARGET = 10.2;
				LD_RUNPATH_SEARCH_PATHS = "$(inherited) @executable_path/Frameworks";
				PRODUCT_BUNDLE_IDENTIFIER = Test.RadioButton;
				PRODUCT_NAME = "$(TARGET_NAME)";
				SWIFT_VERSION = 4.0;
			};
			name = Release;
		};
/* End XCBuildConfiguration section */

/* Begin XCConfigurationList section */
		46B3479C1F691F7F00BD5FF2 /* Build configuration list for PBXProject "RadioButtonSample" */ = {
			isa = XCConfigurationList;
			buildConfigurations = (
				46B347B11F691F7F00BD5FF2 /* Debug */,
				46B347B21F691F7F00BD5FF2 /* Release */,
			);
			defaultConfigurationIsVisible = 0;
			defaultConfigurationName = Release;
		};
		46B347B31F691F7F00BD5FF2 /* Build configuration list for PBXNativeTarget "RadioButtonSample" */ = {
			isa = XCConfigurationList;
			buildConfigurations = (
				46B347B41F691F7F00BD5FF2 /* Debug */,
				46B347B51F691F7F00BD5FF2 /* Release */,
			);
			defaultConfigurationIsVisible = 0;
			defaultConfigurationName = Release;
		};
/* End XCConfigurationList section */
	};
	rootObject = 46B347991F691F7F00BD5FF2 /* Project object */;
}
